// !$*UTF8*$!
{
	archiveVersion = 1;
	classes = {
	};
	objectVersion = 56;
	objects = {

/* Begin PBXBuildFile section */
		6C7F35012A09754400FBEF83 /* ItemComponents.swift in Sources */ = {isa = PBXBuildFile; fileRef = 6C7F35002A09754400FBEF83 /* ItemComponents.swift */; };
		6CC1121B2A04334B0009C2BC /* BarPageView.swift in Sources */ = {isa = PBXBuildFile; fileRef = 6CC1121A2A04334B0009C2BC /* BarPageView.swift */; };
		8232C2B72A04AB600059E4CF /* mazabar.jpg in Resources */ = {isa = PBXBuildFile; fileRef = 8232C2B62A04AB600059E4CF /* mazabar.jpg */; };
		82FC66972A0423B7008DF9CC /* TrendingComponent.swift in Sources */ = {isa = PBXBuildFile; fileRef = 82FC66962A0423B7008DF9CC /* TrendingComponent.swift */; };
		82FC66992A042571008DF9CC /* LogoComponent.swift in Sources */ = {isa = PBXBuildFile; fileRef = 82FC66982A042571008DF9CC /* LogoComponent.swift */; };
		82FC669F2A042CF3008DF9CC /* MoodComponent.swift in Sources */ = {isa = PBXBuildFile; fileRef = 82FC669E2A042CF3008DF9CC /* MoodComponent.swift */; };
		82FC66A72A04409D008DF9CC /* BarComponent.swift in Sources */ = {isa = PBXBuildFile; fileRef = 82FC66A62A04409D008DF9CC /* BarComponent.swift */; };
		851D894C29FDE75700282473 /* GeneralTab.swift in Sources */ = {isa = PBXBuildFile; fileRef = 851D894B29FDE75700282473 /* GeneralTab.swift */; };
		851D894E29FDE7A900282473 /* HomeView.swift in Sources */ = {isa = PBXBuildFile; fileRef = 851D894D29FDE7A900282473 /* HomeView.swift */; };
		851D895029FDE7B900282473 /* MapView.swift in Sources */ = {isa = PBXBuildFile; fileRef = 851D894F29FDE7B900282473 /* MapView.swift */; };
		851D895229FDE7C900282473 /* BucketListView.swift in Sources */ = {isa = PBXBuildFile; fileRef = 851D895129FDE7C900282473 /* BucketListView.swift */; };
		851D895429FDE7D900282473 /* ProfileView.swift in Sources */ = {isa = PBXBuildFile; fileRef = 851D895329FDE7D900282473 /* ProfileView.swift */; };
		851D895629FE0EA500282473 /* MapViewModel.swift in Sources */ = {isa = PBXBuildFile; fileRef = 851D895529FE0EA500282473 /* MapViewModel.swift */; };
		851D895929FE950100282473 /* City.swift in Sources */ = {isa = PBXBuildFile; fileRef = 851D895829FE950100282473 /* City.swift */; };
		8562AEF229FC5C4C003E32E7 /* BarAppFindApp.swift in Sources */ = {isa = PBXBuildFile; fileRef = 8562AEF129FC5C4C003E32E7 /* BarAppFindApp.swift */; };
		8562AEF629FC5C4D003E32E7 /* Assets.xcassets in Resources */ = {isa = PBXBuildFile; fileRef = 8562AEF529FC5C4D003E32E7 /* Assets.xcassets */; };
		8562AEF929FC5C4D003E32E7 /* Preview Assets.xcassets in Resources */ = {isa = PBXBuildFile; fileRef = 8562AEF829FC5C4D003E32E7 /* Preview Assets.xcassets */; };
		85D53D3529FE9A6D006C4A4F /* User.swift in Sources */ = {isa = PBXBuildFile; fileRef = 85D53D3429FE9A6D006C4A4F /* User.swift */; };
/* End PBXBuildFile section */

/* Begin PBXFileReference section */
		6C7F35002A09754400FBEF83 /* ItemComponents.swift */ = {isa = PBXFileReference; lastKnownFileType = sourcecode.swift; path = ItemComponents.swift; sourceTree = "<group>"; };
		6CC1121A2A04334B0009C2BC /* BarPageView.swift */ = {isa = PBXFileReference; lastKnownFileType = sourcecode.swift; path = BarPageView.swift; sourceTree = "<group>"; };
		8232C2B62A04AB600059E4CF /* mazabar.jpg */ = {isa = PBXFileReference; lastKnownFileType = image.jpeg; path = mazabar.jpg; sourceTree = "<group>"; };
		82FC66962A0423B7008DF9CC /* TrendingComponent.swift */ = {isa = PBXFileReference; lastKnownFileType = sourcecode.swift; path = TrendingComponent.swift; sourceTree = "<group>"; };
		82FC66982A042571008DF9CC /* LogoComponent.swift */ = {isa = PBXFileReference; lastKnownFileType = sourcecode.swift; path = LogoComponent.swift; sourceTree = "<group>"; };
		82FC669E2A042CF3008DF9CC /* MoodComponent.swift */ = {isa = PBXFileReference; lastKnownFileType = sourcecode.swift; path = MoodComponent.swift; sourceTree = "<group>"; };
		82FC66A62A04409D008DF9CC /* BarComponent.swift */ = {isa = PBXFileReference; lastKnownFileType = sourcecode.swift; path = BarComponent.swift; sourceTree = "<group>"; };
		851D894B29FDE75700282473 /* GeneralTab.swift */ = {isa = PBXFileReference; lastKnownFileType = sourcecode.swift; path = GeneralTab.swift; sourceTree = "<group>"; };
		851D894D29FDE7A900282473 /* HomeView.swift */ = {isa = PBXFileReference; lastKnownFileType = sourcecode.swift; path = HomeView.swift; sourceTree = "<group>"; };
		851D894F29FDE7B900282473 /* MapView.swift */ = {isa = PBXFileReference; lastKnownFileType = sourcecode.swift; path = MapView.swift; sourceTree = "<group>"; };
		851D895129FDE7C900282473 /* BucketListView.swift */ = {isa = PBXFileReference; lastKnownFileType = sourcecode.swift; path = BucketListView.swift; sourceTree = "<group>"; };
		851D895329FDE7D900282473 /* ProfileView.swift */ = {isa = PBXFileReference; lastKnownFileType = sourcecode.swift; path = ProfileView.swift; sourceTree = "<group>"; };
		851D895529FE0EA500282473 /* MapViewModel.swift */ = {isa = PBXFileReference; lastKnownFileType = sourcecode.swift; path = MapViewModel.swift; sourceTree = "<group>"; };
		851D895829FE950100282473 /* City.swift */ = {isa = PBXFileReference; lastKnownFileType = sourcecode.swift; path = City.swift; sourceTree = "<group>"; };
		85285DF72A019F4600139191 /* BarAppFind.entitlements */ = {isa = PBXFileReference; lastKnownFileType = text.plist.entitlements; path = BarAppFind.entitlements; sourceTree = "<group>"; };
		8562AEEE29FC5C4C003E32E7 /* BarAppFind.app */ = {isa = PBXFileReference; explicitFileType = wrapper.application; includeInIndex = 0; path = BarAppFind.app; sourceTree = BUILT_PRODUCTS_DIR; };
		8562AEF129FC5C4C003E32E7 /* BarAppFindApp.swift */ = {isa = PBXFileReference; lastKnownFileType = sourcecode.swift; path = BarAppFindApp.swift; sourceTree = "<group>"; };
		8562AEF529FC5C4D003E32E7 /* Assets.xcassets */ = {isa = PBXFileReference; lastKnownFileType = folder.assetcatalog; path = Assets.xcassets; sourceTree = "<group>"; };
		8562AEF829FC5C4D003E32E7 /* Preview Assets.xcassets */ = {isa = PBXFileReference; lastKnownFileType = folder.assetcatalog; path = "Preview Assets.xcassets"; sourceTree = "<group>"; };
		85D53D3429FE9A6D006C4A4F /* User.swift */ = {isa = PBXFileReference; lastKnownFileType = sourcecode.swift; path = User.swift; sourceTree = "<group>"; };
/* End PBXFileReference section */

/* Begin PBXFrameworksBuildPhase section */
		8562AEEB29FC5C4C003E32E7 /* Frameworks */ = {
			isa = PBXFrameworksBuildPhase;
			buildActionMask = 2147483647;
			files = (
			);
			runOnlyForDeploymentPostprocessing = 0;
		};
/* End PBXFrameworksBuildPhase section */

/* Begin PBXGroup section */
		82FC66952A0423A4008DF9CC /* Components */ = {
			isa = PBXGroup;
			children = (
				82FC66982A042571008DF9CC /* LogoComponent.swift */,
				82FC66962A0423B7008DF9CC /* TrendingComponent.swift */,
				6C7F35002A09754400FBEF83 /* ItemComponents.swift */,
				82FC669E2A042CF3008DF9CC /* MoodComponent.swift */,
				82FC66A62A04409D008DF9CC /* BarComponent.swift */,
			);
			path = Components;
			sourceTree = "<group>";
		};
		851D895A29FE950A00282473 /* Objects */ = {
			isa = PBXGroup;
			children = (
				851D895829FE950100282473 /* City.swift */,
				85D53D3429FE9A6D006C4A4F /* User.swift */,
			);
			path = Objects;
			sourceTree = "<group>";
		};
		85285DF82A019FCF00139191 /* Model */ = {
			isa = PBXGroup;
			children = (
				851D895529FE0EA500282473 /* MapViewModel.swift */,
			);
			path = Model;
			sourceTree = "<group>";
		};
		85285DFA2A01A00100139191 /* Views */ = {
			isa = PBXGroup;
			children = (
				851D894D29FDE7A900282473 /* HomeView.swift */,
				6CC1121A2A04334B0009C2BC /* BarPageView.swift */,
				851D895129FDE7C900282473 /* BucketListView.swift */,
				851D895329FDE7D900282473 /* ProfileView.swift */,
				851D894F29FDE7B900282473 /* MapView.swift */,
				82FC66952A0423A4008DF9CC /* Components */,
			);
			path = Views;
			sourceTree = "<group>";
		};
		85285DFC2A01A0F400139191 /* Data */ = {
			isa = PBXGroup;
			children = (
				851D895A29FE950A00282473 /* Objects */,
			);
			path = Data;
			sourceTree = "<group>";
		};
		8562AEE529FC5C4C003E32E7 = {
			isa = PBXGroup;
			children = (
				8562AEF029FC5C4C003E32E7 /* BarAppFind */,
				8562AEEF29FC5C4C003E32E7 /* Products */,
			);
			sourceTree = "<group>";
		};
		8562AEEF29FC5C4C003E32E7 /* Products */ = {
			isa = PBXGroup;
			children = (
				8562AEEE29FC5C4C003E32E7 /* BarAppFind.app */,
			);
			name = Products;
			sourceTree = "<group>";
		};
		8562AEF029FC5C4C003E32E7 /* BarAppFind */ = {
			isa = PBXGroup;
			children = (
				85285DF72A019F4600139191 /* BarAppFind.entitlements */,
				85285DFC2A01A0F400139191 /* Data */,
				8562AEF129FC5C4C003E32E7 /* BarAppFindApp.swift */,
				851D894B29FDE75700282473 /* GeneralTab.swift */,
				85285DFA2A01A00100139191 /* Views */,
				85285DF82A019FCF00139191 /* Model */,
				8562AEF529FC5C4D003E32E7 /* Assets.xcassets */,
				8232C2B62A04AB600059E4CF /* mazabar.jpg */,
				8562AEF729FC5C4D003E32E7 /* Preview Content */,
			);
			path = BarAppFind;
			sourceTree = "<group>";
		};
		8562AEF729FC5C4D003E32E7 /* Preview Content */ = {
			isa = PBXGroup;
			children = (
				8562AEF829FC5C4D003E32E7 /* Preview Assets.xcassets */,
			);
			path = "Preview Content";
			sourceTree = "<group>";
		};
/* End PBXGroup section */

/* Begin PBXNativeTarget section */
		8562AEED29FC5C4C003E32E7 /* BarAppFind */ = {
			isa = PBXNativeTarget;
			buildConfigurationList = 8562AEFC29FC5C4D003E32E7 /* Build configuration list for PBXNativeTarget "BarAppFind" */;
			buildPhases = (
				8562AEEA29FC5C4C003E32E7 /* Sources */,
				8562AEEB29FC5C4C003E32E7 /* Frameworks */,
				8562AEEC29FC5C4C003E32E7 /* Resources */,
			);
			buildRules = (
			);
			dependencies = (
			);
			name = BarAppFind;
			productName = BarAppFind;
			productReference = 8562AEEE29FC5C4C003E32E7 /* BarAppFind.app */;
			productType = "com.apple.product-type.application";
		};
/* End PBXNativeTarget section */

/* Begin PBXProject section */
		8562AEE629FC5C4C003E32E7 /* Project object */ = {
			isa = PBXProject;
			attributes = {
				BuildIndependentTargetsInParallel = 1;
				LastSwiftUpdateCheck = 1420;
				LastUpgradeCheck = 1420;
				TargetAttributes = {
					8562AEED29FC5C4C003E32E7 = {
						CreatedOnToolsVersion = 14.2;
					};
				};
			};
			buildConfigurationList = 8562AEE929FC5C4C003E32E7 /* Build configuration list for PBXProject "BarAppFind" */;
			compatibilityVersion = "Xcode 14.0";
			developmentRegion = en;
			hasScannedForEncodings = 0;
			knownRegions = (
				en,
				Base,
			);
			mainGroup = 8562AEE529FC5C4C003E32E7;
			productRefGroup = 8562AEEF29FC5C4C003E32E7 /* Products */;
			projectDirPath = "";
			projectRoot = "";
			targets = (
				8562AEED29FC5C4C003E32E7 /* BarAppFind */,
			);
		};
/* End PBXProject section */

/* Begin PBXResourcesBuildPhase section */
		8562AEEC29FC5C4C003E32E7 /* Resources */ = {
			isa = PBXResourcesBuildPhase;
			buildActionMask = 2147483647;
			files = (
				8562AEF929FC5C4D003E32E7 /* Preview Assets.xcassets in Resources */,
				8562AEF629FC5C4D003E32E7 /* Assets.xcassets in Resources */,
				8232C2B72A04AB600059E4CF /* mazabar.jpg in Resources */,
			);
			runOnlyForDeploymentPostprocessing = 0;
		};
/* End PBXResourcesBuildPhase section */

/* Begin PBXSourcesBuildPhase section */
		8562AEEA29FC5C4C003E32E7 /* Sources */ = {
			isa = PBXSourcesBuildPhase;
			buildActionMask = 2147483647;
			files = (
				6C7F35012A09754400FBEF83 /* ItemComponents.swift in Sources */,
				82FC669F2A042CF3008DF9CC /* MoodComponent.swift in Sources */,
				851D895029FDE7B900282473 /* MapView.swift in Sources */,
				851D894C29FDE75700282473 /* GeneralTab.swift in Sources */,
				6CC1121B2A04334B0009C2BC /* BarPageView.swift in Sources */,
				851D895429FDE7D900282473 /* ProfileView.swift in Sources */,
				851D894E29FDE7A900282473 /* HomeView.swift in Sources */,
				8562AEF229FC5C4C003E32E7 /* BarAppFindApp.swift in Sources */,
				85D53D3529FE9A6D006C4A4F /* User.swift in Sources */,
				82FC66A72A04409D008DF9CC /* BarComponent.swift in Sources */,
				82FC66992A042571008DF9CC /* LogoComponent.swift in Sources */,
				851D895229FDE7C900282473 /* BucketListView.swift in Sources */,
				851D895929FE950100282473 /* City.swift in Sources */,
				82FC66972A0423B7008DF9CC /* TrendingComponent.swift in Sources */,
				851D895629FE0EA500282473 /* MapViewModel.swift in Sources */,
			);
			runOnlyForDeploymentPostprocessing = 0;
		};
/* End PBXSourcesBuildPhase section */

/* Begin XCBuildConfiguration section */
		8562AEFA29FC5C4D003E32E7 /* Debug */ = {
			isa = XCBuildConfiguration;
			buildSettings = {
				ALWAYS_SEARCH_USER_PATHS = NO;
				CLANG_ANALYZER_NONNULL = YES;
				CLANG_ANALYZER_NUMBER_OBJECT_CONVERSION = YES_AGGRESSIVE;
				CLANG_CXX_LANGUAGE_STANDARD = "gnu++20";
				CLANG_ENABLE_MODULES = YES;
				CLANG_ENABLE_OBJC_ARC = YES;
				CLANG_ENABLE_OBJC_WEAK = YES;
				CLANG_WARN_BLOCK_CAPTURE_AUTORELEASING = YES;
				CLANG_WARN_BOOL_CONVERSION = YES;
				CLANG_WARN_COMMA = YES;
				CLANG_WARN_CONSTANT_CONVERSION = YES;
				CLANG_WARN_DEPRECATED_OBJC_IMPLEMENTATIONS = YES;
				CLANG_WARN_DIRECT_OBJC_ISA_USAGE = YES_ERROR;
				CLANG_WARN_DOCUMENTATION_COMMENTS = YES;
				CLANG_WARN_EMPTY_BODY = YES;
				CLANG_WARN_ENUM_CONVERSION = YES;
				CLANG_WARN_INFINITE_RECURSION = YES;
				CLANG_WARN_INT_CONVERSION = YES;
				CLANG_WARN_NON_LITERAL_NULL_CONVERSION = YES;
				CLANG_WARN_OBJC_IMPLICIT_RETAIN_SELF = YES;
				CLANG_WARN_OBJC_LITERAL_CONVERSION = YES;
				CLANG_WARN_OBJC_ROOT_CLASS = YES_ERROR;
				CLANG_WARN_QUOTED_INCLUDE_IN_FRAMEWORK_HEADER = YES;
				CLANG_WARN_RANGE_LOOP_ANALYSIS = YES;
				CLANG_WARN_STRICT_PROTOTYPES = YES;
				CLANG_WARN_SUSPICIOUS_MOVE = YES;
				CLANG_WARN_UNGUARDED_AVAILABILITY = YES_AGGRESSIVE;
				CLANG_WARN_UNREACHABLE_CODE = YES;
				CLANG_WARN__DUPLICATE_METHOD_MATCH = YES;
				COPY_PHASE_STRIP = NO;
				DEBUG_INFORMATION_FORMAT = dwarf;
				ENABLE_STRICT_OBJC_MSGSEND = YES;
				ENABLE_TESTABILITY = YES;
				GCC_C_LANGUAGE_STANDARD = gnu11;
				GCC_DYNAMIC_NO_PIC = NO;
				GCC_NO_COMMON_BLOCKS = YES;
				GCC_OPTIMIZATION_LEVEL = 0;
				GCC_PREPROCESSOR_DEFINITIONS = (
					"DEBUG=1",
					"$(inherited)",
				);
				GCC_WARN_64_TO_32_BIT_CONVERSION = YES;
				GCC_WARN_ABOUT_RETURN_TYPE = YES_ERROR;
				GCC_WARN_UNDECLARED_SELECTOR = YES;
				GCC_WARN_UNINITIALIZED_AUTOS = YES_AGGRESSIVE;
				GCC_WARN_UNUSED_FUNCTION = YES;
				GCC_WARN_UNUSED_VARIABLE = YES;
				IPHONEOS_DEPLOYMENT_TARGET = 16.2;
				MTL_ENABLE_DEBUG_INFO = INCLUDE_SOURCE;
				MTL_FAST_MATH = YES;
				ONLY_ACTIVE_ARCH = YES;
				SDKROOT = iphoneos;
				SWIFT_ACTIVE_COMPILATION_CONDITIONS = DEBUG;
				SWIFT_OPTIMIZATION_LEVEL = "-Onone";
			};
			name = Debug;
		};
		8562AEFB29FC5C4D003E32E7 /* Release */ = {
			isa = XCBuildConfiguration;
			buildSettings = {
				ALWAYS_SEARCH_USER_PATHS = NO;
				CLANG_ANALYZER_NONNULL = YES;
				CLANG_ANALYZER_NUMBER_OBJECT_CONVERSION = YES_AGGRESSIVE;
				CLANG_CXX_LANGUAGE_STANDARD = "gnu++20";
				CLANG_ENABLE_MODULES = YES;
				CLANG_ENABLE_OBJC_ARC = YES;
				CLANG_ENABLE_OBJC_WEAK = YES;
				CLANG_WARN_BLOCK_CAPTURE_AUTORELEASING = YES;
				CLANG_WARN_BOOL_CONVERSION = YES;
				CLANG_WARN_COMMA = YES;
				CLANG_WARN_CONSTANT_CONVERSION = YES;
				CLANG_WARN_DEPRECATED_OBJC_IMPLEMENTATIONS = YES;
				CLANG_WARN_DIRECT_OBJC_ISA_USAGE = YES_ERROR;
				CLANG_WARN_DOCUMENTATION_COMMENTS = YES;
				CLANG_WARN_EMPTY_BODY = YES;
				CLANG_WARN_ENUM_CONVERSION = YES;
				CLANG_WARN_INFINITE_RECURSION = YES;
				CLANG_WARN_INT_CONVERSION = YES;
				CLANG_WARN_NON_LITERAL_NULL_CONVERSION = YES;
				CLANG_WARN_OBJC_IMPLICIT_RETAIN_SELF = YES;
				CLANG_WARN_OBJC_LITERAL_CONVERSION = YES;
				CLANG_WARN_OBJC_ROOT_CLASS = YES_ERROR;
				CLANG_WARN_QUOTED_INCLUDE_IN_FRAMEWORK_HEADER = YES;
				CLANG_WARN_RANGE_LOOP_ANALYSIS = YES;
				CLANG_WARN_STRICT_PROTOTYPES = YES;
				CLANG_WARN_SUSPICIOUS_MOVE = YES;
				CLANG_WARN_UNGUARDED_AVAILABILITY = YES_AGGRESSIVE;
				CLANG_WARN_UNREACHABLE_CODE = YES;
				CLANG_WARN__DUPLICATE_METHOD_MATCH = YES;
				COPY_PHASE_STRIP = NO;
				DEBUG_INFORMATION_FORMAT = "dwarf-with-dsym";
				ENABLE_NS_ASSERTIONS = NO;
				ENABLE_STRICT_OBJC_MSGSEND = YES;
				GCC_C_LANGUAGE_STANDARD = gnu11;
				GCC_NO_COMMON_BLOCKS = YES;
				GCC_WARN_64_TO_32_BIT_CONVERSION = YES;
				GCC_WARN_ABOUT_RETURN_TYPE = YES_ERROR;
				GCC_WARN_UNDECLARED_SELECTOR = YES;
				GCC_WARN_UNINITIALIZED_AUTOS = YES_AGGRESSIVE;
				GCC_WARN_UNUSED_FUNCTION = YES;
				GCC_WARN_UNUSED_VARIABLE = YES;
				IPHONEOS_DEPLOYMENT_TARGET = 16.2;
				MTL_ENABLE_DEBUG_INFO = NO;
				MTL_FAST_MATH = YES;
				SDKROOT = iphoneos;
				SWIFT_COMPILATION_MODE = wholemodule;
				SWIFT_OPTIMIZATION_LEVEL = "-O";
				VALIDATE_PRODUCT = YES;
			};
			name = Release;
		};
		8562AEFD29FC5C4D003E32E7 /* Debug */ = {
			isa = XCBuildConfiguration;
			buildSettings = {
				ASSETCATALOG_COMPILER_APPICON_NAME = AppIcon;
				ASSETCATALOG_COMPILER_GLOBAL_ACCENT_COLOR_NAME = AccentColor;
				CODE_SIGN_ENTITLEMENTS = BarAppFind/BarAppFind.entitlements;
				CODE_SIGN_STYLE = Automatic;
				CURRENT_PROJECT_VERSION = 1;
				DEVELOPMENT_ASSET_PATHS = "\"BarAppFind/Preview Content\"";
				DEVELOPMENT_TEAM = K8P3CNSPZS;
				ENABLE_PREVIEWS = YES;
				GENERATE_INFOPLIST_FILE = YES;
				INFOPLIST_KEY_NSLocationWhenInUseUsageDescription = "";
				INFOPLIST_KEY_UIApplicationSceneManifest_Generation = YES;
				INFOPLIST_KEY_UIApplicationSupportsIndirectInputEvents = YES;
				INFOPLIST_KEY_UILaunchScreen_Generation = YES;
				INFOPLIST_KEY_UISupportedInterfaceOrientations = UIInterfaceOrientationPortrait;
				INFOPLIST_KEY_UISupportedInterfaceOrientations_iPad = "UIInterfaceOrientationLandscapeLeft UIInterfaceOrientationLandscapeRight UIInterfaceOrientationPortrait UIInterfaceOrientationPortraitUpsideDown";
				LD_RUNPATH_SEARCH_PATHS = (
					"$(inherited)",
					"@executable_path/Frameworks",
				);
				MARKETING_VERSION = 1.0;
				PRODUCT_BUNDLE_IDENTIFIER = com.JoaoPauloCarneiro.BarAppFind;
				PRODUCT_NAME = "$(TARGET_NAME)";
				SUPPORTED_PLATFORMS = "iphoneos iphonesimulator";
				SUPPORTS_MACCATALYST = NO;
				SUPPORTS_MAC_DESIGNED_FOR_IPHONE_IPAD = NO;
				SWIFT_EMIT_LOC_STRINGS = YES;
				SWIFT_VERSION = 5.0;
				TARGETED_DEVICE_FAMILY = 1;
			};
			name = Debug;
		};
		8562AEFE29FC5C4D003E32E7 /* Release */ = {
			isa = XCBuildConfiguration;
			buildSettings = {
				ASSETCATALOG_COMPILER_APPICON_NAME = AppIcon;
				ASSETCATALOG_COMPILER_GLOBAL_ACCENT_COLOR_NAME = AccentColor;
				CODE_SIGN_ENTITLEMENTS = BarAppFind/BarAppFind.entitlements;
				CODE_SIGN_STYLE = Automatic;
				CURRENT_PROJECT_VERSION = 1;
				DEVELOPMENT_ASSET_PATHS = "\"BarAppFind/Preview Content\"";
				DEVELOPMENT_TEAM = K8P3CNSPZS;
				ENABLE_PREVIEWS = YES;
				GENERATE_INFOPLIST_FILE = YES;
				INFOPLIST_KEY_NSLocationWhenInUseUsageDescription = "";
				INFOPLIST_KEY_UIApplicationSceneManifest_Generation = YES;
				INFOPLIST_KEY_UIApplicationSupportsIndirectInputEvents = YES;
				INFOPLIST_KEY_UILaunchScreen_Generation = YES;
				INFOPLIST_KEY_UISupportedInterfaceOrientations = UIInterfaceOrientationPortrait;
				INFOPLIST_KEY_UISupportedInterfaceOrientations_iPad = "UIInterfaceOrientationLandscapeLeft UIInterfaceOrientationLandscapeRight UIInterfaceOrientationPortrait UIInterfaceOrientationPortraitUpsideDown";
				LD_RUNPATH_SEARCH_PATHS = (
					"$(inherited)",
					"@executable_path/Frameworks",
				);
				MARKETING_VERSION = 1.0;
				PRODUCT_BUNDLE_IDENTIFIER = com.JoaoPauloCarneiro.BarAppFind;
				PRODUCT_NAME = "$(TARGET_NAME)";
				SUPPORTED_PLATFORMS = "iphoneos iphonesimulator";
				SUPPORTS_MACCATALYST = NO;
				SUPPORTS_MAC_DESIGNED_FOR_IPHONE_IPAD = NO;
				SWIFT_EMIT_LOC_STRINGS = YES;
				SWIFT_VERSION = 5.0;
				TARGETED_DEVICE_FAMILY = 1;
			};
			name = Release;
		};
/* End XCBuildConfiguration section */

/* Begin XCConfigurationList section */
		8562AEE929FC5C4C003E32E7 /* Build configuration list for PBXProject "BarAppFind" */ = {
			isa = XCConfigurationList;
			buildConfigurations = (
				8562AEFA29FC5C4D003E32E7 /* Debug */,
				8562AEFB29FC5C4D003E32E7 /* Release */,
			);
			defaultConfigurationIsVisible = 0;
			defaultConfigurationName = Release;
		};
		8562AEFC29FC5C4D003E32E7 /* Build configuration list for PBXNativeTarget "BarAppFind" */ = {
			isa = XCConfigurationList;
			buildConfigurations = (
				8562AEFD29FC5C4D003E32E7 /* Debug */,
				8562AEFE29FC5C4D003E32E7 /* Release */,
			);
			defaultConfigurationIsVisible = 0;
			defaultConfigurationName = Release;
		};
/* End XCConfigurationList section */
	};
	rootObject = 8562AEE629FC5C4C003E32E7 /* Project object */;
}
